# This file is automatically @generated by Cargo.
# It is not intended for manual editing.
version = 4

[[package]]
name = "bimap"
version = "0.6.3"
source = "registry+https://github.com/rust-lang/crates.io-index"
checksum = "230c5f1ca6a325a32553f8640d31ac9b49f2411e901e427570154868b46da4f7"

[[package]]
name = "secs"
version = "0.1.0"
dependencies = [
 "bimap",
 "thunderdome",
]

[[package]]
name = "thunderdome"
version = "0.6.1"
source = "registry+https://github.com/rust-lang/crates.io-index"
checksum = "92e170f93360bf9ae6fe3c31116bbf27adb1d054cedd6bc3d7857e34f2d98d0b"
