# This file is automatically @generated by Cargo.
# It is not intended for manual editing.
version = 4

[[package]]
name = "elsa"
version = "1.11.0"
source = "registry+https://github.com/rust-lang/crates.io-index"
checksum = "2343daaeabe09879d4ea058bb4f1e63da3fc07dadc6634e01bda1b3d6a9d9d2b"
dependencies = [
 "stable_deref_trait",
]

[[package]]
name = "secs"
version = "0.1.0"
dependencies = [
 "elsa",
]

[[package]]
name = "stable_deref_trait"
version = "1.2.0"
source = "registry+https://github.com/rust-lang/crates.io-index"
checksum = "a8f112729512f8e442d81f95a8a7ddf2b7c6b8a1a6f509a95864142b30cab2d3"

[[package]]
name = "ui_test_deps"
version = "0.1.0"
dependencies = [
 "secs",
]
